
Microsoft Visual Studio Solution File, Format Version 12.00
# Visual Studio Version 16
VisualStudioVersion = 16.0.31320.298
MinimumVisualStudioVersion = 10.0.40219.1
Project("{9A19103F-16F7-4668-BE54-9A1E7A4F7556}") = "CodeChallenges", "CodeChallenges\CodeChallenges.csproj", "{82E97138-DFB5-4030-8A32-AA6C1C585141}"
EndProject
Global
	GlobalSection(SolutionConfigurationPlatforms) = preSolution
		Debug|Any CPU = Debug|Any CPU
		Release|Any CPU = Release|Any CPU
	EndGlobalSection
	GlobalSection(ProjectConfigurationPlatforms) = postSolution
		{82E97138-DFB5-4030-8A32-AA6C1C585141}.Debug|Any CPU.ActiveCfg = Debug|Any CPU
		{82E97138-DFB5-4030-8A32-AA6C1C585141}.Debug|Any CPU.Build.0 = Debug|Any CPU
		{82E97138-DFB5-4030-8A32-AA6C1C585141}.Release|Any CPU.ActiveCfg = Release|Any CPU
		{82E97138-DFB5-4030-8A32-AA6C1C585141}.Release|Any CPU.Build.0 = Release|Any CPU
	EndGlobalSection
	GlobalSection(SolutionProperties) = preSolution
		HideSolutionNode = FALSE
	EndGlobalSection
	GlobalSection(ExtensibilityGlobals) = postSolution
		SolutionGuid = {B61C5502-2459-49F4-BA36-800C13CBEDE9}
	EndGlobalSection
EndGlobal
